# @generated - this file is auto-generated by `mise lock` https://mise.jdx.dev/dev-tools/mise-lock.html

[[tools."aqua:Tyrrrz/FFmpegBin"]]
version = "8.0.1"
backend = "aqua:Tyrrrz/FFmpegBin"

[tools."aqua:Tyrrrz/FFmpegBin"."platforms.linux-arm64"]
checksum = "sha256:5f9e79b45cb0fd8ebd112bea1b26075da7254cc7cba8ffecb855e5c2759a78c1"
url = "https://github.com/Tyrrrz/FFmpegBin/releases/download/8.0.1/ffmpeg-linux-arm64.zip"

[tools."aqua:Tyrrrz/FFmpegBin"."platforms.linux-arm64-musl"]
checksum = "sha256:5f9e79b45cb0fd8ebd112bea1b26075da7254cc7cba8ffecb855e5c2759a78c1"
url = "https://github.com/Tyrrrz/FFmpegBin/releases/download/8.0.1/ffmpeg-linux-arm64.zip"

[tools."aqua:Tyrrrz/FFmpegBin"."platforms.linux-x64"]
checksum = "sha256:96527f500f7c71062efeaebc26dd7ee12ad239f35156c7420d0ca23262cbf430"
url = "https://github.com/Tyrrrz/FFmpegBin/releases/download/8.0.1/ffmpeg-linux-x64.zip"

[tools."aqua:Tyrrrz/FFmpegBin"."platforms.linux-x64-musl"]
checksum = "sha256:96527f500f7c71062efeaebc26dd7ee12ad239f35156c7420d0ca23262cbf430"
url = "https://github.com/Tyrrrz/FFmpegBin/releases/download/8.0.1/ffmpeg-linux-x64.zip"

[tools."aqua:Tyrrrz/FFmpegBin"."platforms.macos-arm64"]
checksum = "sha256:0447ba1f4a2f2a10c05985bd1815da61b968ad42fe91d35b502bfc7abffcad0a"
url = "https://github.com/Tyrrrz/FFmpegBin/releases/download/8.0.1/ffmpeg-osx-arm64.zip"

[tools."aqua:Tyrrrz/FFmpegBin"."platforms.macos-x64"]
checksum = "sha256:53c438fe89dd242c95a1cb94a80e1744a9c40798f87eccf6eba564c92e4d1851"
url = "https://github.com/Tyrrrz/FFmpegBin/releases/download/8.0.1/ffmpeg-osx-x64.zip"

[tools."aqua:Tyrrrz/FFmpegBin"."platforms.windows-x64"]
checksum = "sha256:29f9f067e8ffad75d5c0e96ec142e665228cb12cdb05fd5cc39eeb9c68962a40"
url = "https://github.com/Tyrrrz/FFmpegBin/releases/download/8.0.1/ffmpeg-windows-x64.zip"
