# @generated - this file is auto-generated by `mise lock` https://mise.jdx.dev/dev-tools/mise-lock.html

[[tools.bat]]
version = "0.26.1"
backend = "aqua:sharkdp/bat"

[tools.bat."platforms.linux-arm64"]
checksum = "sha256:6369242c584065f195fb20cb36fbd7cb63ae690605bbe89868a7596b596c2c23"
url = "https://github.com/sharkdp/bat/releases/download/v0.26.1/bat-v0.26.1-aarch64-unknown-linux-musl.tar.gz"

[tools.bat."platforms.linux-arm64-musl"]
checksum = "sha256:6369242c584065f195fb20cb36fbd7cb63ae690605bbe89868a7596b596c2c23"
url = "https://github.com/sharkdp/bat/releases/download/v0.26.1/bat-v0.26.1-aarch64-unknown-linux-musl.tar.gz"

[tools.bat."platforms.linux-x64"]
checksum = "sha256:0dcd8ac79732c0d5b136f11f4ee00e581440e16a44eab5b3105b611bbf2cf191"
url = "https://github.com/sharkdp/bat/releases/download/v0.26.1/bat-v0.26.1-x86_64-unknown-linux-musl.tar.gz"

[tools.bat."platforms.linux-x64-musl"]
checksum = "sha256:0dcd8ac79732c0d5b136f11f4ee00e581440e16a44eab5b3105b611bbf2cf191"
url = "https://github.com/sharkdp/bat/releases/download/v0.26.1/bat-v0.26.1-x86_64-unknown-linux-musl.tar.gz"

[tools.bat."platforms.macos-arm64"]
checksum = "sha256:e30beff26779c9bf60bb541e1d79046250cb74378f2757f8eb250afddb19e114"
url = "https://github.com/sharkdp/bat/releases/download/v0.26.1/bat-v0.26.1-aarch64-apple-darwin.tar.gz"

[tools.bat."platforms.macos-x64"]
checksum = "sha256:830d63b0bba1fa040542ec569e3cf77f60d3356b9de75116a344b061e0894245"
url = "https://github.com/sharkdp/bat/releases/download/v0.26.1/bat-v0.26.1-x86_64-apple-darwin.tar.gz"

[tools.bat."platforms.windows-x64"]
checksum = "sha256:0f729b4b6f5f28d395c641eacc2e9ff68d0096b85aa0eec344aa62425144b69b"
url = "https://github.com/sharkdp/bat/releases/download/v0.26.1/bat-v0.26.1-x86_64-pc-windows-msvc.zip"

[[tools.delta]]
version = "0.19.1"
backend = "aqua:dandavison/delta"

[tools.delta."platforms.linux-arm64"]
checksum = "sha256:81cc5a2067762a5e1f3bc4dd12b01229dc134ec22221cb94062ce1fed769d26f"
url = "https://github.com/dandavison/delta/releases/download/0.19.1/delta-0.19.1-aarch64-unknown-linux-gnu.tar.gz"

[tools.delta."platforms.linux-arm64-musl"]
checksum = "sha256:81cc5a2067762a5e1f3bc4dd12b01229dc134ec22221cb94062ce1fed769d26f"
url = "https://github.com/dandavison/delta/releases/download/0.19.1/delta-0.19.1-aarch64-unknown-linux-gnu.tar.gz"

[tools.delta."platforms.linux-x64"]
checksum = "sha256:564a774237adb041a9a0098f2e55044e52b6ca5361e99cf179b892bdd5f91b92"
url = "https://github.com/dandavison/delta/releases/download/0.19.1/delta-0.19.1-x86_64-unknown-linux-musl.tar.gz"

[tools.delta."platforms.linux-x64-musl"]
checksum = "sha256:564a774237adb041a9a0098f2e55044e52b6ca5361e99cf179b892bdd5f91b92"
url = "https://github.com/dandavison/delta/releases/download/0.19.1/delta-0.19.1-x86_64-unknown-linux-musl.tar.gz"

[tools.delta."platforms.macos-arm64"]
checksum = "sha256:9802c1c89d92e854fcb3d36c8b270bbee6bbddf2df3de7167b11ab9d14baa63f"
url = "https://github.com/dandavison/delta/releases/download/0.19.1/delta-0.19.1-aarch64-apple-darwin.tar.gz"

[tools.delta."platforms.windows-x64"]
checksum = "sha256:1603ad36d031f74a4b0b7b56fa0a674e8e99ab600383cfdf7c4d5a76f81f992a"
url = "https://github.com/dandavison/delta/releases/download/0.19.1/delta-0.19.1-x86_64-pc-windows-msvc.zip"

[[tools.fzf]]
version = "0.70.0"
backend = "aqua:junegunn/fzf"

[tools.fzf."platforms.linux-arm64"]
checksum = "sha256:90a07a13b61f56dd59ccfd0f0bf05070e9cec067713d313fa2607aab2dc0e422"
url = "https://github.com/junegunn/fzf/releases/download/v0.70.0/fzf-0.70.0-linux_arm64.tar.gz"

[tools.fzf."platforms.linux-arm64-musl"]
checksum = "sha256:90a07a13b61f56dd59ccfd0f0bf05070e9cec067713d313fa2607aab2dc0e422"
url = "https://github.com/junegunn/fzf/releases/download/v0.70.0/fzf-0.70.0-linux_arm64.tar.gz"

[tools.fzf."platforms.linux-x64"]
checksum = "sha256:8fd0e0b93bdf64ba90081ffb6658d77ea5a024c122b36852b1de30f9d2733754"
url = "https://github.com/junegunn/fzf/releases/download/v0.70.0/fzf-0.70.0-linux_amd64.tar.gz"

[tools.fzf."platforms.linux-x64-musl"]
checksum = "sha256:8fd0e0b93bdf64ba90081ffb6658d77ea5a024c122b36852b1de30f9d2733754"
url = "https://github.com/junegunn/fzf/releases/download/v0.70.0/fzf-0.70.0-linux_amd64.tar.gz"

[tools.fzf."platforms.macos-arm64"]
checksum = "sha256:75f4905c2e3d00666d81dffdd001bb2a9a8e0ad4e4ac8cecfc17a7401b99e6e4"
url = "https://github.com/junegunn/fzf/releases/download/v0.70.0/fzf-0.70.0-darwin_arm64.tar.gz"

[tools.fzf."platforms.macos-x64"]
checksum = "sha256:46af74cfeb171c5e2eb936096a653061a0de0f5aeb70319bf9935d8d193e078f"
url = "https://github.com/junegunn/fzf/releases/download/v0.70.0/fzf-0.70.0-darwin_amd64.tar.gz"

[tools.fzf."platforms.windows-x64"]
checksum = "sha256:7465a6738e2c844742df973459c7509aed2d10d7a72bfd6de201b867b4eda4cd"
url = "https://github.com/junegunn/fzf/releases/download/v0.70.0/fzf-0.70.0-windows_amd64.zip"

[[tools.glow]]
version = "2.1.1"
backend = "aqua:charmbracelet/glow"

[tools.glow."platforms.linux-arm64"]
checksum = "sha256:ab12a703cc6efd06caf24860344a2e8bc2518055fdd986f98eb761c47917ef3d"
url = "https://github.com/charmbracelet/glow/releases/download/v2.1.1/glow_2.1.1_Linux_arm64.tar.gz"

[tools.glow."platforms.linux-arm64-musl"]
checksum = "sha256:ab12a703cc6efd06caf24860344a2e8bc2518055fdd986f98eb761c47917ef3d"
url = "https://github.com/charmbracelet/glow/releases/download/v2.1.1/glow_2.1.1_Linux_arm64.tar.gz"

[tools.glow."platforms.linux-x64"]
checksum = "sha256:59106b08be69b2a0bda1178327bbb7accd584e7c113ba3d2f5ef6e48ff3ac27f"
url = "https://github.com/charmbracelet/glow/releases/download/v2.1.1/glow_2.1.1_Linux_x86_64.tar.gz"

[tools.glow."platforms.linux-x64-musl"]
checksum = "sha256:59106b08be69b2a0bda1178327bbb7accd584e7c113ba3d2f5ef6e48ff3ac27f"
url = "https://github.com/charmbracelet/glow/releases/download/v2.1.1/glow_2.1.1_Linux_x86_64.tar.gz"

[tools.glow."platforms.macos-arm64"]
checksum = "sha256:234a20a7d0cebc775cdc77ecd62d28da9479364a122b52d8bac9adf1312b860d"
url = "https://github.com/charmbracelet/glow/releases/download/v2.1.1/glow_2.1.1_Darwin_arm64.tar.gz"

[tools.glow."platforms.macos-x64"]
checksum = "sha256:91334ebc659b44193327a6e2d198aa4e6c2953b1e003be00c983870685e9161b"
url = "https://github.com/charmbracelet/glow/releases/download/v2.1.1/glow_2.1.1_Darwin_x86_64.tar.gz"

[tools.glow."platforms.windows-x64"]
checksum = "sha256:b552952daa03afdfffa80be3f79ba8aec43426f8e78c026eb8502c7e6b604ed0"
url = "https://github.com/charmbracelet/glow/releases/download/v2.1.1/glow_2.1.1_Windows_x86_64.zip"

[[tools.jq]]
version = "1.8.1"
backend = "aqua:jqlang/jq"

[tools.jq."platforms.linux-arm64"]
checksum = "sha256:6bc62f25981328edd3cfcfe6fe51b073f2d7e7710d7ef7fcdac28d4e384fc3d4"
url = "https://github.com/jqlang/jq/releases/download/jq-1.8.1/jq-linux-arm64"
provenance = "github-attestations"

[tools.jq."platforms.linux-arm64-musl"]
checksum = "sha256:6bc62f25981328edd3cfcfe6fe51b073f2d7e7710d7ef7fcdac28d4e384fc3d4"
url = "https://github.com/jqlang/jq/releases/download/jq-1.8.1/jq-linux-arm64"

[tools.jq."platforms.linux-x64"]
checksum = "sha256:020468de7539ce70ef1bceaf7cde2e8c4f2ca6c3afb84642aabc5c97d9fc2a0d"
url = "https://github.com/jqlang/jq/releases/download/jq-1.8.1/jq-linux-amd64"

[tools.jq."platforms.linux-x64-musl"]
checksum = "sha256:020468de7539ce70ef1bceaf7cde2e8c4f2ca6c3afb84642aabc5c97d9fc2a0d"
url = "https://github.com/jqlang/jq/releases/download/jq-1.8.1/jq-linux-amd64"

[tools.jq."platforms.macos-arm64"]
checksum = "sha256:a9fe3ea2f86dfc72f6728417521ec9067b343277152b114f4e98d8cb0e263603"
url = "https://github.com/jqlang/jq/releases/download/jq-1.8.1/jq-macos-arm64"

[tools.jq."platforms.macos-x64"]
checksum = "sha256:e80dbe0d2a2597e3c11c404f03337b981d74b4a8504b70586c354b7697a7c27f"
url = "https://github.com/jqlang/jq/releases/download/jq-1.8.1/jq-macos-amd64"

[tools.jq."platforms.windows-x64"]
checksum = "sha256:23cb60a1354eed6bcc8d9b9735e8c7b388cd1fdcb75726b93bc299ef22dd9334"
url = "https://github.com/jqlang/jq/releases/download/jq-1.8.1/jq-windows-amd64.exe"

[[tools.just]]
version = "1.48.0"
backend = "aqua:casey/just"

[tools.just."platforms.linux-arm64"]
checksum = "sha256:3c28914f0059161bc263c41db0ed3f786866cfb9632d1ee7809f529c8f18835e"
url = "https://github.com/casey/just/releases/download/1.48.0/just-1.48.0-aarch64-unknown-linux-musl.tar.gz"

[tools.just."platforms.linux-arm64-musl"]
checksum = "sha256:3c28914f0059161bc263c41db0ed3f786866cfb9632d1ee7809f529c8f18835e"
url = "https://github.com/casey/just/releases/download/1.48.0/just-1.48.0-aarch64-unknown-linux-musl.tar.gz"

[tools.just."platforms.linux-x64"]
checksum = "sha256:a62e100de2922519ff3d6128f580837b4c0e197aa61a6fb448f43e50e7dd9b9b"
url = "https://github.com/casey/just/releases/download/1.48.0/just-1.48.0-x86_64-unknown-linux-musl.tar.gz"

[tools.just."platforms.linux-x64-musl"]
checksum = "sha256:a62e100de2922519ff3d6128f580837b4c0e197aa61a6fb448f43e50e7dd9b9b"
url = "https://github.com/casey/just/releases/download/1.48.0/just-1.48.0-x86_64-unknown-linux-musl.tar.gz"

[tools.just."platforms.macos-arm64"]
checksum = "sha256:507edd5cbe97e13f048f650e52ae6cf3fd6c7464b18abe64fb01eca1bd65f8a2"
url = "https://github.com/casey/just/releases/download/1.48.0/just-1.48.0-aarch64-apple-darwin.tar.gz"

[tools.just."platforms.macos-x64"]
checksum = "sha256:9c4a018665ede3167db8210a6c846e59b675ecce71a35d2f802035fbc9199627"
url = "https://github.com/casey/just/releases/download/1.48.0/just-1.48.0-x86_64-apple-darwin.tar.gz"

[tools.just."platforms.windows-x64"]
checksum = "sha256:06000d1e1f97155c6dff316f20fad029aa70f69c4ecbe2fbe5b821d9bb79aef0"
url = "https://github.com/casey/just/releases/download/1.48.0/just-1.48.0-x86_64-pc-windows-msvc.zip"

[[tools.lazydocker]]
version = "0.25.0"
backend = "aqua:jesseduffield/lazydocker"

[tools.lazydocker."platforms.linux-arm64"]
checksum = "sha256:75bf3df5ee3bfd8f20a98c009d6f6787d009f03385d0d56b2a2aea26bdb7c287"
url = "https://github.com/jesseduffield/lazydocker/releases/download/v0.25.0/lazydocker_0.25.0_Linux_arm64.tar.gz"

[tools.lazydocker."platforms.linux-arm64-musl"]
checksum = "sha256:75bf3df5ee3bfd8f20a98c009d6f6787d009f03385d0d56b2a2aea26bdb7c287"
url = "https://github.com/jesseduffield/lazydocker/releases/download/v0.25.0/lazydocker_0.25.0_Linux_arm64.tar.gz"

[tools.lazydocker."platforms.linux-x64"]
checksum = "sha256:9c17b1458b214af50168f5f5e981f1f9c4b34d13a22734b7318bf9a05132ff3d"
url = "https://github.com/jesseduffield/lazydocker/releases/download/v0.25.0/lazydocker_0.25.0_Linux_x86_64.tar.gz"

[tools.lazydocker."platforms.linux-x64-musl"]
checksum = "sha256:9c17b1458b214af50168f5f5e981f1f9c4b34d13a22734b7318bf9a05132ff3d"
url = "https://github.com/jesseduffield/lazydocker/releases/download/v0.25.0/lazydocker_0.25.0_Linux_x86_64.tar.gz"

[tools.lazydocker."platforms.macos-arm64"]
checksum = "sha256:55f0573847bbfa68b0129e7e6922f5766f300ea3411f8b41e34044f86111fa1a"
url = "https://github.com/jesseduffield/lazydocker/releases/download/v0.25.0/lazydocker_0.25.0_Darwin_arm64.tar.gz"

[tools.lazydocker."platforms.macos-x64"]
checksum = "sha256:0209a85adc5a6530e452ddfba6f4ddc735bbe953e2a7de76f555684933b01d65"
url = "https://github.com/jesseduffield/lazydocker/releases/download/v0.25.0/lazydocker_0.25.0_Darwin_x86_64.tar.gz"

[tools.lazydocker."platforms.windows-x64"]
checksum = "sha256:2af0b2516cd006b1849f2cdae4cd82abbf5d1c2d49b88563daffaa1fb4ac46bb"
url = "https://github.com/jesseduffield/lazydocker/releases/download/v0.25.0/lazydocker_0.25.0_Windows_x86_64.zip"

[[tools.lazygit]]
version = "0.60.0"
backend = "aqua:jesseduffield/lazygit"

[tools.lazygit."platforms.linux-arm64"]
checksum = "sha256:2c699579165416eede4d2cfaf7d76ccd8f3b20f20f2e8b4abff6b5a6350fcdd7"
url = "https://github.com/jesseduffield/lazygit/releases/download/v0.60.0/lazygit_0.60.0_linux_arm64.tar.gz"

[tools.lazygit."platforms.linux-arm64-musl"]
checksum = "sha256:2c699579165416eede4d2cfaf7d76ccd8f3b20f20f2e8b4abff6b5a6350fcdd7"
url = "https://github.com/jesseduffield/lazygit/releases/download/v0.60.0/lazygit_0.60.0_linux_arm64.tar.gz"

[tools.lazygit."platforms.linux-x64"]
checksum = "sha256:6252ca6cf98bc4fd3e0d927b54225910cfa57b065d0ad88263f14592f7f9ab15"
url = "https://github.com/jesseduffield/lazygit/releases/download/v0.60.0/lazygit_0.60.0_linux_x86_64.tar.gz"

[tools.lazygit."platforms.linux-x64-musl"]
checksum = "sha256:6252ca6cf98bc4fd3e0d927b54225910cfa57b065d0ad88263f14592f7f9ab15"
url = "https://github.com/jesseduffield/lazygit/releases/download/v0.60.0/lazygit_0.60.0_linux_x86_64.tar.gz"

[tools.lazygit."platforms.macos-arm64"]
checksum = "sha256:5045f0ff2117f12cb5232d65e01c054eb9ea6b8e2f0f0b80e99fbaa589b581b9"
url = "https://github.com/jesseduffield/lazygit/releases/download/v0.60.0/lazygit_0.60.0_darwin_arm64.tar.gz"

[tools.lazygit."platforms.macos-x64"]
checksum = "sha256:9210a8bd8bf18537f9d7747361c8eba62518e10e4d5fbfe915cf110635eaab78"
url = "https://github.com/jesseduffield/lazygit/releases/download/v0.60.0/lazygit_0.60.0_darwin_x86_64.tar.gz"

[tools.lazygit."platforms.windows-x64"]
checksum = "sha256:435b53165ff4604e201549b9317eb0b8bb5b3f6728be612656988e90c821a9b9"
url = "https://github.com/jesseduffield/lazygit/releases/download/v0.60.0/lazygit_0.60.0_windows_x86_64.zip"

[[tools.neovim]]
version = "0.11.6"
backend = "vfox:mise-plugins/vfox-neovim"

[tools.neovim."platforms.linux-arm64"]
url = "https://github.com/neovim/neovim/releases/download/v0.11.6/nvim-linux-arm64.tar.gz"

[tools.neovim."platforms.linux-arm64-musl"]
url = "https://github.com/neovim/neovim/releases/download/v0.11.6/nvim-linux-arm64.tar.gz"

[tools.neovim."platforms.linux-x64"]
url = "https://github.com/neovim/neovim/releases/download/v0.11.6/nvim-linux-x86_64.tar.gz"

[tools.neovim."platforms.linux-x64-musl"]
url = "https://github.com/neovim/neovim/releases/download/v0.11.6/nvim-linux-x86_64.tar.gz"

[tools.neovim."platforms.macos-arm64"]
url = "https://github.com/neovim/neovim/releases/download/v0.11.6/nvim-macos-arm64.tar.gz"

[tools.neovim."platforms.macos-x64"]
url = "https://github.com/neovim/neovim/releases/download/v0.11.6/nvim-macos-x86_64.tar.gz"

[tools.neovim."platforms.windows-x64"]
url = "https://github.com/neovim/neovim/releases/download/v0.11.6/nvim-win64.zip"
